<?xml version="1.0" encoding="utf-8"?>
<Project ToolsVersion="17.0" xmlns="http://schemas.microsoft.com/developer/msbuild/2003">
  <ItemGroup>
    <ClCompile Include="C:\UMAP\uwot_pure_cpp\test_comprehensive_pipeline.cpp">
      <Filter>Source Files</Filter>
    </ClCompile>
  </ItemGroup>
  <ItemGroup>
    <CustomBuild Include="C:\UMAP\uwot_pure_cpp\CMakeLists.txt" />
  </ItemGroup>
  <ItemGroup>
    <Filter Include="Source Files">
      <UniqueIdentifier>{0DBCE3FA-D205-327A-B82C-11A8A2701353}</UniqueIdentifier>
    </Filter>
  </ItemGroup>
</Project>
