
Microsoft Visual Studio Solution File, Format Version 12.00
# Visual Studio Version 17
Project("{8BC9CEB8-8B4A-11D0-8D11-00A0C91BC942}") = "ALL_BUILD", "ALL_BUILD.vcxproj", "{5CDAD9A4-999C-3DB5-BC02-913DD5BEBF20}"
	ProjectSection(ProjectDependencies) = postProject
		{7C569738-33CA-3544-A0CB-5CADBE748CAB} = {7C569738-33CA-3544-A0CB-5CADBE748CAB}
		{1EEB78B2-C244-348C-A71C-817BDF50131C} = {1EEB78B2-C244-348C-A71C-817BDF50131C}
		{412817A5-2D8D-3542-9FDB-D3AF92A6A003} = {412817A5-2D8D-3542-9FDB-D3AF92A6A003}
		{31DE3AEB-76A0-378B-883B-A8BDD40A84E1} = {31DE3AEB-76A0-378B-883B-A8BDD40A84E1}
		{90F019EA-5FDF-3F76-89EF-D79A83C249EA} = {90F019EA-5FDF-3F76-89EF-D79A83C249EA}
		{A1CDA5F4-EF87-3563-A1C0-81BA6F9E1AC0} = {A1CDA5F4-EF87-3563-A1C0-81BA6F9E1AC0}
		{898E4A67-A999-3D85-B0A9-479C31771DBB} = {898E4A67-A999-3D85-B0A9-479C31771DBB}
		{273401DC-9F78-37E6-867A-DD6FEFB861B8} = {273401DC-9F78-37E6-867A-DD6FEFB861B8}
		{15CF4033-A228-339E-9E9E-E34BDDD127EB} = {15CF4033-A228-339E-9E9E-E34BDDD127EB}
		{FC5A4C2B-94B3-3211-9D67-DB5FE5220AF6} = {FC5A4C2B-94B3-3211-9D67-DB5FE5220AF6}
		{290B947F-E499-36F3-815D-53376E5FB0F8} = {290B947F-E499-36F3-815D-53376E5FB0F8}
		{E6A97131-444A-3FC8-8842-90820109C0A2} = {E6A97131-444A-3FC8-8842-90820109C0A2}
		{BE4CAAAA-EDC6-3A6F-B656-95F4DD5B4991} = {BE4CAAAA-EDC6-3A6F-B656-95F4DD5B4991}
		{1DDA9228-45A6-3CBD-BD45-F1F6C0A0A63F} = {1DDA9228-45A6-3CBD-BD45-F1F6C0A0A63F}
	EndProjectSection
EndProject
Project("{8BC9CEB8-8B4A-11D0-8D11-00A0C91BC942}") = "INSTALL", "INSTALL.vcxproj", "{03FAC8D3-B769-3804-AD80-7DF898C179D5}"
	ProjectSection(ProjectDependencies) = postProject
		{5CDAD9A4-999C-3DB5-BC02-913DD5BEBF20} = {5CDAD9A4-999C-3DB5-BC02-913DD5BEBF20}
		{7C569738-33CA-3544-A0CB-5CADBE748CAB} = {7C569738-33CA-3544-A0CB-5CADBE748CAB}
	EndProjectSection
EndProject
Project("{8BC9CEB8-8B4A-11D0-8D11-00A0C91BC942}") = "ZERO_CHECK", "ZERO_CHECK.vcxproj", "{7C569738-33CA-3544-A0CB-5CADBE748CAB}"
	ProjectSection(ProjectDependencies) = postProject
	EndProjectSection
EndProject
Project("{8BC9CEB8-8B4A-11D0-8D11-00A0C91BC942}") = "debug_save_load_test", "debug_save_load_test.vcxproj", "{1EEB78B2-C244-348C-A71C-817BDF50131C}"
	ProjectSection(ProjectDependencies) = postProject
		{7C569738-33CA-3544-A0CB-5CADBE748CAB} = {7C569738-33CA-3544-A0CB-5CADBE748CAB}
		{1DDA9228-45A6-3CBD-BD45-F1F6C0A0A63F} = {1DDA9228-45A6-3CBD-BD45-F1F6C0A0A63F}
	EndProjectSection
EndProject
Project("{8BC9CEB8-8B4A-11D0-8D11-00A0C91BC942}") = "refactoring_demo", "refactoring_demo.vcxproj", "{412817A5-2D8D-3542-9FDB-D3AF92A6A003}"
	ProjectSection(ProjectDependencies) = postProject
		{7C569738-33CA-3544-A0CB-5CADBE748CAB} = {7C569738-33CA-3544-A0CB-5CADBE748CAB}
		{1DDA9228-45A6-3CBD-BD45-F1F6C0A0A63F} = {1DDA9228-45A6-3CBD-BD45-F1F6C0A0A63F}
	EndProjectSection
EndProject
Project("{8BC9CEB8-8B4A-11D0-8D11-00A0C91BC942}") = "test_comprehensive_pipeline", "test_comprehensive_pipeline.vcxproj", "{31DE3AEB-76A0-378B-883B-A8BDD40A84E1}"
	ProjectSection(ProjectDependencies) = postProject
		{7C569738-33CA-3544-A0CB-5CADBE748CAB} = {7C569738-33CA-3544-A0CB-5CADBE748CAB}
		{1DDA9228-45A6-3CBD-BD45-F1F6C0A0A63F} = {1DDA9228-45A6-3CBD-BD45-F1F6C0A0A63F}
	EndProjectSection
EndProject
Project("{8BC9CEB8-8B4A-11D0-8D11-00A0C91BC942}") = "test_ef_scaling_simple", "test_ef_scaling_simple.vcxproj", "{90F019EA-5FDF-3F76-89EF-D79A83C249EA}"
	ProjectSection(ProjectDependencies) = postProject
		{7C569738-33CA-3544-A0CB-5CADBE748CAB} = {7C569738-33CA-3544-A0CB-5CADBE748CAB}
		{1DDA9228-45A6-3CBD-BD45-F1F6C0A0A63F} = {1DDA9228-45A6-3CBD-BD45-F1F6C0A0A63F}
	EndProjectSection
EndProject
Project("{8BC9CEB8-8B4A-11D0-8D11-00A0C91BC942}") = "test_ef_search_scaling", "test_ef_search_scaling.vcxproj", "{A1CDA5F4-EF87-3563-A1C0-81BA6F9E1AC0}"
	ProjectSection(ProjectDependencies) = postProject
		{7C569738-33CA-3544-A0CB-5CADBE748CAB} = {7C569738-33CA-3544-A0CB-5CADBE748CAB}
		{1DDA9228-45A6-3CBD-BD45-F1F6C0A0A63F} = {1DDA9228-45A6-3CBD-BD45-F1F6C0A0A63F}
	EndProjectSection
EndProject
Project("{8BC9CEB8-8B4A-11D0-8D11-00A0C91BC942}") = "test_embedding_extraction_optimization", "test_embedding_extraction_optimization.vcxproj", "{898E4A67-A999-3D85-B0A9-479C31771DBB}"
	ProjectSection(ProjectDependencies) = postProject
		{7C569738-33CA-3544-A0CB-5CADBE748CAB} = {7C569738-33CA-3544-A0CB-5CADBE748CAB}
		{1DDA9228-45A6-3CBD-BD45-F1F6C0A0A63F} = {1DDA9228-45A6-3CBD-BD45-F1F6C0A0A63F}
	EndProjectSection
EndProject
Project("{8BC9CEB8-8B4A-11D0-8D11-00A0C91BC942}") = "test_enhanced_wrapper", "test_enhanced_wrapper.vcxproj", "{273401DC-9F78-37E6-867A-DD6FEFB861B8}"
	ProjectSection(ProjectDependencies) = postProject
		{7C569738-33CA-3544-A0CB-5CADBE748CAB} = {7C569738-33CA-3544-A0CB-5CADBE748CAB}
		{1DDA9228-45A6-3CBD-BD45-F1F6C0A0A63F} = {1DDA9228-45A6-3CBD-BD45-F1F6C0A0A63F}
	EndProjectSection
EndProject
Project("{8BC9CEB8-8B4A-11D0-8D11-00A0C91BC942}") = "test_error_fixes_simple", "test_error_fixes_simple.vcxproj", "{15CF4033-A228-339E-9E9E-E34BDDD127EB}"
	ProjectSection(ProjectDependencies) = postProject
		{7C569738-33CA-3544-A0CB-5CADBE748CAB} = {7C569738-33CA-3544-A0CB-5CADBE748CAB}
		{1DDA9228-45A6-3CBD-BD45-F1F6C0A0A63F} = {1DDA9228-45A6-3CBD-BD45-F1F6C0A0A63F}
	EndProjectSection
EndProject
Project("{8BC9CEB8-8B4A-11D0-8D11-00A0C91BC942}") = "test_quantization_comprehensive", "test_quantization_comprehensive.vcxproj", "{FC5A4C2B-94B3-3211-9D67-DB5FE5220AF6}"
	ProjectSection(ProjectDependencies) = postProject
		{7C569738-33CA-3544-A0CB-5CADBE748CAB} = {7C569738-33CA-3544-A0CB-5CADBE748CAB}
		{1DDA9228-45A6-3CBD-BD45-F1F6C0A0A63F} = {1DDA9228-45A6-3CBD-BD45-F1F6C0A0A63F}
	EndProjectSection
EndProject
Project("{8BC9CEB8-8B4A-11D0-8D11-00A0C91BC942}") = "test_refactoring_validation", "test_refactoring_validation.vcxproj", "{290B947F-E499-36F3-815D-53376E5FB0F8}"
	ProjectSection(ProjectDependencies) = postProject
		{7C569738-33CA-3544-A0CB-5CADBE748CAB} = {7C569738-33CA-3544-A0CB-5CADBE748CAB}
		{1DDA9228-45A6-3CBD-BD45-F1F6C0A0A63F} = {1DDA9228-45A6-3CBD-BD45-F1F6C0A0A63F}
	EndProjectSection
EndProject
Project("{8BC9CEB8-8B4A-11D0-8D11-00A0C91BC942}") = "test_standard_comprehensive", "test_standard_comprehensive.vcxproj", "{E6A97131-444A-3FC8-8842-90820109C0A2}"
	ProjectSection(ProjectDependencies) = postProject
		{7C569738-33CA-3544-A0CB-5CADBE748CAB} = {7C569738-33CA-3544-A0CB-5CADBE748CAB}
		{1DDA9228-45A6-3CBD-BD45-F1F6C0A0A63F} = {1DDA9228-45A6-3CBD-BD45-F1F6C0A0A63F}
	EndProjectSection
EndProject
Project("{8BC9CEB8-8B4A-11D0-8D11-00A0C91BC942}") = "test_zero_norm_handling", "test_zero_norm_handling.vcxproj", "{BE4CAAAA-EDC6-3A6F-B656-95F4DD5B4991}"
	ProjectSection(ProjectDependencies) = postProject
		{7C569738-33CA-3544-A0CB-5CADBE748CAB} = {7C569738-33CA-3544-A0CB-5CADBE748CAB}
		{1DDA9228-45A6-3CBD-BD45-F1F6C0A0A63F} = {1DDA9228-45A6-3CBD-BD45-F1F6C0A0A63F}
	EndProjectSection
EndProject
Project("{8BC9CEB8-8B4A-11D0-8D11-00A0C91BC942}") = "uwot_wrapper", "uwot_wrapper.vcxproj", "{1DDA9228-45A6-3CBD-BD45-F1F6C0A0A63F}"
	ProjectSection(ProjectDependencies) = postProject
		{7C569738-33CA-3544-A0CB-5CADBE748CAB} = {7C569738-33CA-3544-A0CB-5CADBE748CAB}
	EndProjectSection
EndProject
Global
	GlobalSection(SolutionConfigurationPlatforms) = preSolution
		Debug|x64 = Debug|x64
		Release|x64 = Release|x64
		MinSizeRel|x64 = MinSizeRel|x64
		RelWithDebInfo|x64 = RelWithDebInfo|x64
	EndGlobalSection
	GlobalSection(ProjectConfigurationPlatforms) = postSolution
		{5CDAD9A4-999C-3DB5-BC02-913DD5BEBF20}.Debug|x64.ActiveCfg = Debug|x64
		{5CDAD9A4-999C-3DB5-BC02-913DD5BEBF20}.Debug|x64.Build.0 = Debug|x64
		{5CDAD9A4-999C-3DB5-BC02-913DD5BEBF20}.Release|x64.ActiveCfg = Release|x64
		{5CDAD9A4-999C-3DB5-BC02-913DD5BEBF20}.Release|x64.Build.0 = Release|x64
		{5CDAD9A4-999C-3DB5-BC02-913DD5BEBF20}.MinSizeRel|x64.ActiveCfg = MinSizeRel|x64
		{5CDAD9A4-999C-3DB5-BC02-913DD5BEBF20}.MinSizeRel|x64.Build.0 = MinSizeRel|x64
		{5CDAD9A4-999C-3DB5-BC02-913DD5BEBF20}.RelWithDebInfo|x64.ActiveCfg = RelWithDebInfo|x64
		{5CDAD9A4-999C-3DB5-BC02-913DD5BEBF20}.RelWithDebInfo|x64.Build.0 = RelWithDebInfo|x64
		{03FAC8D3-B769-3804-AD80-7DF898C179D5}.Debug|x64.ActiveCfg = Debug|x64
		{03FAC8D3-B769-3804-AD80-7DF898C179D5}.Release|x64.ActiveCfg = Release|x64
		{03FAC8D3-B769-3804-AD80-7DF898C179D5}.MinSizeRel|x64.ActiveCfg = MinSizeRel|x64
		{03FAC8D3-B769-3804-AD80-7DF898C179D5}.RelWithDebInfo|x64.ActiveCfg = RelWithDebInfo|x64
		{7C569738-33CA-3544-A0CB-5CADBE748CAB}.Debug|x64.ActiveCfg = Debug|x64
		{7C569738-33CA-3544-A0CB-5CADBE748CAB}.Debug|x64.Build.0 = Debug|x64
		{7C569738-33CA-3544-A0CB-5CADBE748CAB}.Release|x64.ActiveCfg = Release|x64
		{7C569738-33CA-3544-A0CB-5CADBE748CAB}.Release|x64.Build.0 = Release|x64
		{7C569738-33CA-3544-A0CB-5CADBE748CAB}.MinSizeRel|x64.ActiveCfg = MinSizeRel|x64
		{7C569738-33CA-3544-A0CB-5CADBE748CAB}.MinSizeRel|x64.Build.0 = MinSizeRel|x64
		{7C569738-33CA-3544-A0CB-5CADBE748CAB}.RelWithDebInfo|x64.ActiveCfg = RelWithDebInfo|x64
		{7C569738-33CA-3544-A0CB-5CADBE748CAB}.RelWithDebInfo|x64.Build.0 = RelWithDebInfo|x64
		{1EEB78B2-C244-348C-A71C-817BDF50131C}.Debug|x64.ActiveCfg = Debug|x64
		{1EEB78B2-C244-348C-A71C-817BDF50131C}.Debug|x64.Build.0 = Debug|x64
		{1EEB78B2-C244-348C-A71C-817BDF50131C}.Release|x64.ActiveCfg = Release|x64
		{1EEB78B2-C244-348C-A71C-817BDF50131C}.Release|x64.Build.0 = Release|x64
		{1EEB78B2-C244-348C-A71C-817BDF50131C}.MinSizeRel|x64.ActiveCfg = MinSizeRel|x64
		{1EEB78B2-C244-348C-A71C-817BDF50131C}.MinSizeRel|x64.Build.0 = MinSizeRel|x64
		{1EEB78B2-C244-348C-A71C-817BDF50131C}.RelWithDebInfo|x64.ActiveCfg = RelWithDebInfo|x64
		{1EEB78B2-C244-348C-A71C-817BDF50131C}.RelWithDebInfo|x64.Build.0 = RelWithDebInfo|x64
		{412817A5-2D8D-3542-9FDB-D3AF92A6A003}.Debug|x64.ActiveCfg = Debug|x64
		{412817A5-2D8D-3542-9FDB-D3AF92A6A003}.Debug|x64.Build.0 = Debug|x64
		{412817A5-2D8D-3542-9FDB-D3AF92A6A003}.Release|x64.ActiveCfg = Release|x64
		{412817A5-2D8D-3542-9FDB-D3AF92A6A003}.Release|x64.Build.0 = Release|x64
		{412817A5-2D8D-3542-9FDB-D3AF92A6A003}.MinSizeRel|x64.ActiveCfg = MinSizeRel|x64
		{412817A5-2D8D-3542-9FDB-D3AF92A6A003}.MinSizeRel|x64.Build.0 = MinSizeRel|x64
		{412817A5-2D8D-3542-9FDB-D3AF92A6A003}.RelWithDebInfo|x64.ActiveCfg = RelWithDebInfo|x64
		{412817A5-2D8D-3542-9FDB-D3AF92A6A003}.RelWithDebInfo|x64.Build.0 = RelWithDebInfo|x64
		{31DE3AEB-76A0-378B-883B-A8BDD40A84E1}.Debug|x64.ActiveCfg = Debug|x64
		{31DE3AEB-76A0-378B-883B-A8BDD40A84E1}.Debug|x64.Build.0 = Debug|x64
		{31DE3AEB-76A0-378B-883B-A8BDD40A84E1}.Release|x64.ActiveCfg = Release|x64
		{31DE3AEB-76A0-378B-883B-A8BDD40A84E1}.Release|x64.Build.0 = Release|x64
		{31DE3AEB-76A0-378B-883B-A8BDD40A84E1}.MinSizeRel|x64.ActiveCfg = MinSizeRel|x64
		{31DE3AEB-76A0-378B-883B-A8BDD40A84E1}.MinSizeRel|x64.Build.0 = MinSizeRel|x64
		{31DE3AEB-76A0-378B-883B-A8BDD40A84E1}.RelWithDebInfo|x64.ActiveCfg = RelWithDebInfo|x64
		{31DE3AEB-76A0-378B-883B-A8BDD40A84E1}.RelWithDebInfo|x64.Build.0 = RelWithDebInfo|x64
		{90F019EA-5FDF-3F76-89EF-D79A83C249EA}.Debug|x64.ActiveCfg = Debug|x64
		{90F019EA-5FDF-3F76-89EF-D79A83C249EA}.Debug|x64.Build.0 = Debug|x64
		{90F019EA-5FDF-3F76-89EF-D79A83C249EA}.Release|x64.ActiveCfg = Release|x64
		{90F019EA-5FDF-3F76-89EF-D79A83C249EA}.Release|x64.Build.0 = Release|x64
		{90F019EA-5FDF-3F76-89EF-D79A83C249EA}.MinSizeRel|x64.ActiveCfg = MinSizeRel|x64
		{90F019EA-5FDF-3F76-89EF-D79A83C249EA}.MinSizeRel|x64.Build.0 = MinSizeRel|x64
		{90F019EA-5FDF-3F76-89EF-D79A83C249EA}.RelWithDebInfo|x64.ActiveCfg = RelWithDebInfo|x64
		{90F019EA-5FDF-3F76-89EF-D79A83C249EA}.RelWithDebInfo|x64.Build.0 = RelWithDebInfo|x64
		{A1CDA5F4-EF87-3563-A1C0-81BA6F9E1AC0}.Debug|x64.ActiveCfg = Debug|x64
		{A1CDA5F4-EF87-3563-A1C0-81BA6F9E1AC0}.Debug|x64.Build.0 = Debug|x64
		{A1CDA5F4-EF87-3563-A1C0-81BA6F9E1AC0}.Release|x64.ActiveCfg = Release|x64
		{A1CDA5F4-EF87-3563-A1C0-81BA6F9E1AC0}.Release|x64.Build.0 = Release|x64
		{A1CDA5F4-EF87-3563-A1C0-81BA6F9E1AC0}.MinSizeRel|x64.ActiveCfg = MinSizeRel|x64
		{A1CDA5F4-EF87-3563-A1C0-81BA6F9E1AC0}.MinSizeRel|x64.Build.0 = MinSizeRel|x64
		{A1CDA5F4-EF87-3563-A1C0-81BA6F9E1AC0}.RelWithDebInfo|x64.ActiveCfg = RelWithDebInfo|x64
		{A1CDA5F4-EF87-3563-A1C0-81BA6F9E1AC0}.RelWithDebInfo|x64.Build.0 = RelWithDebInfo|x64
		{898E4A67-A999-3D85-B0A9-479C31771DBB}.Debug|x64.ActiveCfg = Debug|x64
		{898E4A67-A999-3D85-B0A9-479C31771DBB}.Debug|x64.Build.0 = Debug|x64
		{898E4A67-A999-3D85-B0A9-479C31771DBB}.Release|x64.ActiveCfg = Release|x64
		{898E4A67-A999-3D85-B0A9-479C31771DBB}.Release|x64.Build.0 = Release|x64
		{898E4A67-A999-3D85-B0A9-479C31771DBB}.MinSizeRel|x64.ActiveCfg = MinSizeRel|x64
		{898E4A67-A999-3D85-B0A9-479C31771DBB}.MinSizeRel|x64.Build.0 = MinSizeRel|x64
		{898E4A67-A999-3D85-B0A9-479C31771DBB}.RelWithDebInfo|x64.ActiveCfg = RelWithDebInfo|x64
		{898E4A67-A999-3D85-B0A9-479C31771DBB}.RelWithDebInfo|x64.Build.0 = RelWithDebInfo|x64
		{273401DC-9F78-37E6-867A-DD6FEFB861B8}.Debug|x64.ActiveCfg = Debug|x64
		{273401DC-9F78-37E6-867A-DD6FEFB861B8}.Debug|x64.Build.0 = Debug|x64
		{273401DC-9F78-37E6-867A-DD6FEFB861B8}.Release|x64.ActiveCfg = Release|x64
		{273401DC-9F78-37E6-867A-DD6FEFB861B8}.Release|x64.Build.0 = Release|x64
		{273401DC-9F78-37E6-867A-DD6FEFB861B8}.MinSizeRel|x64.ActiveCfg = MinSizeRel|x64
		{273401DC-9F78-37E6-867A-DD6FEFB861B8}.MinSizeRel|x64.Build.0 = MinSizeRel|x64
		{273401DC-9F78-37E6-867A-DD6FEFB861B8}.RelWithDebInfo|x64.ActiveCfg = RelWithDebInfo|x64
		{273401DC-9F78-37E6-867A-DD6FEFB861B8}.RelWithDebInfo|x64.Build.0 = RelWithDebInfo|x64
		{15CF4033-A228-339E-9E9E-E34BDDD127EB}.Debug|x64.ActiveCfg = Debug|x64
		{15CF4033-A228-339E-9E9E-E34BDDD127EB}.Debug|x64.Build.0 = Debug|x64
		{15CF4033-A228-339E-9E9E-E34BDDD127EB}.Release|x64.ActiveCfg = Release|x64
		{15CF4033-A228-339E-9E9E-E34BDDD127EB}.Release|x64.Build.0 = Release|x64
		{15CF4033-A228-339E-9E9E-E34BDDD127EB}.MinSizeRel|x64.ActiveCfg = MinSizeRel|x64
		{15CF4033-A228-339E-9E9E-E34BDDD127EB}.MinSizeRel|x64.Build.0 = MinSizeRel|x64
		{15CF4033-A228-339E-9E9E-E34BDDD127EB}.RelWithDebInfo|x64.ActiveCfg = RelWithDebInfo|x64
		{15CF4033-A228-339E-9E9E-E34BDDD127EB}.RelWithDebInfo|x64.Build.0 = RelWithDebInfo|x64
		{FC5A4C2B-94B3-3211-9D67-DB5FE5220AF6}.Debug|x64.ActiveCfg = Debug|x64
		{FC5A4C2B-94B3-3211-9D67-DB5FE5220AF6}.Debug|x64.Build.0 = Debug|x64
		{FC5A4C2B-94B3-3211-9D67-DB5FE5220AF6}.Release|x64.ActiveCfg = Release|x64
		{FC5A4C2B-94B3-3211-9D67-DB5FE5220AF6}.Release|x64.Build.0 = Release|x64
		{FC5A4C2B-94B3-3211-9D67-DB5FE5220AF6}.MinSizeRel|x64.ActiveCfg = MinSizeRel|x64
		{FC5A4C2B-94B3-3211-9D67-DB5FE5220AF6}.MinSizeRel|x64.Build.0 = MinSizeRel|x64
		{FC5A4C2B-94B3-3211-9D67-DB5FE5220AF6}.RelWithDebInfo|x64.ActiveCfg = RelWithDebInfo|x64
		{FC5A4C2B-94B3-3211-9D67-DB5FE5220AF6}.RelWithDebInfo|x64.Build.0 = RelWithDebInfo|x64
		{290B947F-E499-36F3-815D-53376E5FB0F8}.Debug|x64.ActiveCfg = Debug|x64
		{290B947F-E499-36F3-815D-53376E5FB0F8}.Debug|x64.Build.0 = Debug|x64
		{290B947F-E499-36F3-815D-53376E5FB0F8}.Release|x64.ActiveCfg = Release|x64
		{290B947F-E499-36F3-815D-53376E5FB0F8}.Release|x64.Build.0 = Release|x64
		{290B947F-E499-36F3-815D-53376E5FB0F8}.MinSizeRel|x64.ActiveCfg = MinSizeRel|x64
		{290B947F-E499-36F3-815D-53376E5FB0F8}.MinSizeRel|x64.Build.0 = MinSizeRel|x64
		{290B947F-E499-36F3-815D-53376E5FB0F8}.RelWithDebInfo|x64.ActiveCfg = RelWithDebInfo|x64
		{290B947F-E499-36F3-815D-53376E5FB0F8}.RelWithDebInfo|x64.Build.0 = RelWithDebInfo|x64
		{E6A97131-444A-3FC8-8842-90820109C0A2}.Debug|x64.ActiveCfg = Debug|x64
		{E6A97131-444A-3FC8-8842-90820109C0A2}.Debug|x64.Build.0 = Debug|x64
		{E6A97131-444A-3FC8-8842-90820109C0A2}.Release|x64.ActiveCfg = Release|x64
		{E6A97131-444A-3FC8-8842-90820109C0A2}.Release|x64.Build.0 = Release|x64
		{E6A97131-444A-3FC8-8842-90820109C0A2}.MinSizeRel|x64.ActiveCfg = MinSizeRel|x64
		{E6A97131-444A-3FC8-8842-90820109C0A2}.MinSizeRel|x64.Build.0 = MinSizeRel|x64
		{E6A97131-444A-3FC8-8842-90820109C0A2}.RelWithDebInfo|x64.ActiveCfg = RelWithDebInfo|x64
		{E6A97131-444A-3FC8-8842-90820109C0A2}.RelWithDebInfo|x64.Build.0 = RelWithDebInfo|x64
		{BE4CAAAA-EDC6-3A6F-B656-95F4DD5B4991}.Debug|x64.ActiveCfg = Debug|x64
		{BE4CAAAA-EDC6-3A6F-B656-95F4DD5B4991}.Debug|x64.Build.0 = Debug|x64
		{BE4CAAAA-EDC6-3A6F-B656-95F4DD5B4991}.Release|x64.ActiveCfg = Release|x64
		{BE4CAAAA-EDC6-3A6F-B656-95F4DD5B4991}.Release|x64.Build.0 = Release|x64
		{BE4CAAAA-EDC6-3A6F-B656-95F4DD5B4991}.MinSizeRel|x64.ActiveCfg = MinSizeRel|x64
		{BE4CAAAA-EDC6-3A6F-B656-95F4DD5B4991}.MinSizeRel|x64.Build.0 = MinSizeRel|x64
		{BE4CAAAA-EDC6-3A6F-B656-95F4DD5B4991}.RelWithDebInfo|x64.ActiveCfg = RelWithDebInfo|x64
		{BE4CAAAA-EDC6-3A6F-B656-95F4DD5B4991}.RelWithDebInfo|x64.Build.0 = RelWithDebInfo|x64
		{1DDA9228-45A6-3CBD-BD45-F1F6C0A0A63F}.Debug|x64.ActiveCfg = Debug|x64
		{1DDA9228-45A6-3CBD-BD45-F1F6C0A0A63F}.Debug|x64.Build.0 = Debug|x64
		{1DDA9228-45A6-3CBD-BD45-F1F6C0A0A63F}.Release|x64.ActiveCfg = Release|x64
		{1DDA9228-45A6-3CBD-BD45-F1F6C0A0A63F}.Release|x64.Build.0 = Release|x64
		{1DDA9228-45A6-3CBD-BD45-F1F6C0A0A63F}.MinSizeRel|x64.ActiveCfg = MinSizeRel|x64
		{1DDA9228-45A6-3CBD-BD45-F1F6C0A0A63F}.MinSizeRel|x64.Build.0 = MinSizeRel|x64
		{1DDA9228-45A6-3CBD-BD45-F1F6C0A0A63F}.RelWithDebInfo|x64.ActiveCfg = RelWithDebInfo|x64
		{1DDA9228-45A6-3CBD-BD45-F1F6C0A0A63F}.RelWithDebInfo|x64.Build.0 = RelWithDebInfo|x64
	EndGlobalSection
	GlobalSection(ExtensibilityGlobals) = postSolution
		SolutionGuid = {46C7D5D3-E0EF-3AF8-A573-075F161D7CF4}
	EndGlobalSection
	GlobalSection(ExtensibilityAddIns) = postSolution
	EndGlobalSection
EndGlobal
